
Microsoft Visual Studio Solution File, Format Version 12.00
# Visual Studio Version 16
VisualStudioVersion = 16.0.32929.386
MinimumVisualStudioVersion = 10.0.40219.1
Project("{FAE04EC0-301F-11D3-BF4B-00C04F79EFBC}") = "Shopping", "Shopping\Shopping.csproj", "{491D2AA1-5C23-44ED-9A7B-526BBA2EEDE8}"
EndProject
Global
	GlobalSection(SolutionConfigurationPlatforms) = preSolution
		Debug|Any CPU = Debug|Any CPU
		Release|Any CPU = Release|Any CPU
	EndGlobalSection
	GlobalSection(ProjectConfigurationPlatforms) = postSolution
		{491D2AA1-5C23-44ED-9A7B-526BBA2EEDE8}.Debug|Any CPU.ActiveCfg = Debug|Any CPU
		{491D2AA1-5C23-44ED-9A7B-526BBA2EEDE8}.Debug|Any CPU.Build.0 = Debug|Any CPU
		{491D2AA1-5C23-44ED-9A7B-526BBA2EEDE8}.Release|Any CPU.ActiveCfg = Release|Any CPU
		{491D2AA1-5C23-44ED-9A7B-526BBA2EEDE8}.Release|Any CPU.Build.0 = Release|Any CPU
	EndGlobalSection
	GlobalSection(SolutionProperties) = preSolution
		HideSolutionNode = FALSE
	EndGlobalSection
	GlobalSection(ExtensibilityGlobals) = postSolution
		SolutionGuid = {9AF57A39-EF51-43AF-9237-C724043CCC0D}
	EndGlobalSection
EndGlobal
