
Microsoft Visual Studio Solution File, Format Version 12.00
# Visual Studio Version 17
VisualStudioVersion = 17.3.32811.315
MinimumVisualStudioVersion = 10.0.40219.1
Project("{9A19103F-16F7-4668-BE54-9A1E7A4F7556}") = "Shopping", "Shopping\Shopping.csproj", "{491D2AA1-5C23-44ED-9A7B-526BBA2EEDE8}"
EndProject
Project("{FAE04EC0-301F-11D3-BF4B-00C04F79EFBC}") = "ShoppingUnitTest", "ShoppingUnitTest\ShoppingUnitTest.csproj", "{1C0CC1C6-130D-487A-A362-6CC07231BA6E}"
EndProject
Global
	GlobalSection(SolutionConfigurationPlatforms) = preSolution
		Debug|Any CPU = Debug|Any CPU
		Release|Any CPU = Release|Any CPU
	EndGlobalSection
	GlobalSection(ProjectConfigurationPlatforms) = postSolution
		{491D2AA1-5C23-44ED-9A7B-526BBA2EEDE8}.Debug|Any CPU.ActiveCfg = Debug|Any CPU
		{491D2AA1-5C23-44ED-9A7B-526BBA2EEDE8}.Debug|Any CPU.Build.0 = Debug|Any CPU
		{491D2AA1-5C23-44ED-9A7B-526BBA2EEDE8}.Release|Any CPU.ActiveCfg = Release|Any CPU
		{491D2AA1-5C23-44ED-9A7B-526BBA2EEDE8}.Release|Any CPU.Build.0 = Release|Any CPU
		{1C0CC1C6-130D-487A-A362-6CC07231BA6E}.Debug|Any CPU.ActiveCfg = Debug|Any CPU
		{1C0CC1C6-130D-487A-A362-6CC07231BA6E}.Debug|Any CPU.Build.0 = Debug|Any CPU
		{1C0CC1C6-130D-487A-A362-6CC07231BA6E}.Release|Any CPU.ActiveCfg = Release|Any CPU
		{1C0CC1C6-130D-487A-A362-6CC07231BA6E}.Release|Any CPU.Build.0 = Release|Any CPU
	EndGlobalSection
	GlobalSection(SolutionProperties) = preSolution
		HideSolutionNode = FALSE
	EndGlobalSection
	GlobalSection(ExtensibilityGlobals) = postSolution
		SolutionGuid = {9AF57A39-EF51-43AF-9237-C724043CCC0D}
	EndGlobalSection
EndGlobal
